// !$*UTF8*$!
{
	archiveVersion = 1;
	classes = {
	};
	objectVersion = 56;
	objects = {

/* Begin PBXBuildFile section */
		BB17CFD42AA7681D0038A073 /* TaskDecodingServiceProtocol.swift in Sources */ = {isa = PBXBuildFile; fileRef = BB17CFD32AA7681D0038A073 /* TaskDecodingServiceProtocol.swift */; };
		BB17CFD62AA7682E0038A073 /* TaskDecodingService.swift in Sources */ = {isa = PBXBuildFile; fileRef = BB17CFD52AA7682E0038A073 /* TaskDecodingService.swift */; };
		BB1A48242AA62FAD00668979 /* MainCollectionViewCell.swift in Sources */ = {isa = PBXBuildFile; fileRef = BB1A48232AA62FAD00668979 /* MainCollectionViewCell.swift */; };
		BB1A482A2AA634DB00668979 /* AppColors.swift in Sources */ = {isa = PBXBuildFile; fileRef = BB1A48292AA634DB00668979 /* AppColors.swift */; };
		BB1A482D2AA634FB00668979 /* AppFonts.swift in Sources */ = {isa = PBXBuildFile; fileRef = BB1A482C2AA634FB00668979 /* AppFonts.swift */; };
		BB1A48302AA65C7500668979 /* BridgeViewController.swift in Sources */ = {isa = PBXBuildFile; fileRef = BB1A482F2AA65C7500668979 /* BridgeViewController.swift */; };
		BB1A48332AA65CB600668979 /* MainPresenter.swift in Sources */ = {isa = PBXBuildFile; fileRef = BB1A48322AA65CB600668979 /* MainPresenter.swift */; };
		BB1A48352AA65CF500668979 /* AssemblyBuilder.swift in Sources */ = {isa = PBXBuildFile; fileRef = BB1A48342AA65CF500668979 /* AssemblyBuilder.swift */; };
		BB1A48372AA65D2600668979 /* Router.swift in Sources */ = {isa = PBXBuildFile; fileRef = BB1A48362AA65D2600668979 /* Router.swift */; };
		BB1A483C2AA65DCF00668979 /* RouterProtocol.swift in Sources */ = {isa = PBXBuildFile; fileRef = BB1A483B2AA65DCF00668979 /* RouterProtocol.swift */; };
		BB1A48402AA65DF700668979 /* AssemblyBuilderProtocol.swift in Sources */ = {isa = PBXBuildFile; fileRef = BB1A483F2AA65DF700668979 /* AssemblyBuilderProtocol.swift */; };
		BB1A48442AA65FB700668979 /* MainPresenterProtocol.swift in Sources */ = {isa = PBXBuildFile; fileRef = BB1A48432AA65FB700668979 /* MainPresenterProtocol.swift */; };
		BB1A48472AA65FF900668979 /* MainCollectionViewProtocol.swift in Sources */ = {isa = PBXBuildFile; fileRef = BB1A48462AA65FF900668979 /* MainCollectionViewProtocol.swift */; };
		BB1F570F2AA67434002857ED /* Task5Text_base64_en.txt in Resources */ = {isa = PBXBuildFile; fileRef = BB1F570E2AA67434002857ED /* Task5Text_base64_en.txt */; };
		BB1F57132AA67D8C002857ED /* Localizable.strings in Resources */ = {isa = PBXBuildFile; fileRef = BB1F57152AA67D8C002857ED /* Localizable.strings */; };
		BB1F57182AA67DCC002857ED /* LocalizationKeys.swift in Sources */ = {isa = PBXBuildFile; fileRef = BB1F57172AA67DCC002857ED /* LocalizationKeys.swift */; };
		BB5038462AA66B5D00F9F400 /* BridgePresenter.swift in Sources */ = {isa = PBXBuildFile; fileRef = BB5038452AA66B5D00F9F400 /* BridgePresenter.swift */; };
		BB5038482AA66B6E00F9F400 /* BridgePresenterProtocol.swift in Sources */ = {isa = PBXBuildFile; fileRef = BB5038472AA66B6E00F9F400 /* BridgePresenterProtocol.swift */; };
		BB50384A2AA66B9900F9F400 /* BridgeViewProtocol.swift in Sources */ = {isa = PBXBuildFile; fileRef = BB5038492AA66B9900F9F400 /* BridgeViewProtocol.swift */; };
		BB8FAD7C2AA4FCE80016BA5C /* Task.swift in Sources */ = {isa = PBXBuildFile; fileRef = BB8FAD7B2AA4FCE80016BA5C /* Task.swift */; };
		BB8FAD8A2AA4FE680016BA5C /* Task7Text_base64.txt in Resources */ = {isa = PBXBuildFile; fileRef = BB8FAD812AA4FE680016BA5C /* Task7Text_base64.txt */; };
		BB8FAD8B2AA4FE680016BA5C /* Task8Text_base64.txt in Resources */ = {isa = PBXBuildFile; fileRef = BB8FAD822AA4FE680016BA5C /* Task8Text_base64.txt */; };
		BB8FAD8C2AA4FE680016BA5C /* Task9Text_base64.txt in Resources */ = {isa = PBXBuildFile; fileRef = BB8FAD832AA4FE680016BA5C /* Task9Text_base64.txt */; };
		BB8FAD8D2AA4FE680016BA5C /* Task1Text_base64.txt in Resources */ = {isa = PBXBuildFile; fileRef = BB8FAD842AA4FE680016BA5C /* Task1Text_base64.txt */; };
		BB8FAD8E2AA4FE680016BA5C /* Task6Text_base64.txt in Resources */ = {isa = PBXBuildFile; fileRef = BB8FAD852AA4FE680016BA5C /* Task6Text_base64.txt */; };
		BB8FAD8F2AA4FE680016BA5C /* Task4Text_base64.txt in Resources */ = {isa = PBXBuildFile; fileRef = BB8FAD862AA4FE680016BA5C /* Task4Text_base64.txt */; };
		BB8FAD902AA4FE680016BA5C /* Task3Text_base64.txt in Resources */ = {isa = PBXBuildFile; fileRef = BB8FAD872AA4FE680016BA5C /* Task3Text_base64.txt */; };
		BB8FAD912AA4FE680016BA5C /* Task2Text_base64.txt in Resources */ = {isa = PBXBuildFile; fileRef = BB8FAD882AA4FE680016BA5C /* Task2Text_base64.txt */; };
		BB8FAD922AA4FE680016BA5C /* Task5Text_base64.txt in Resources */ = {isa = PBXBuildFile; fileRef = BB8FAD892AA4FE680016BA5C /* Task5Text_base64.txt */; };
		BB8FADA72AA503050016BA5C /* Task7Text_base64_en.txt in Resources */ = {isa = PBXBuildFile; fileRef = BB8FAD9E2AA503050016BA5C /* Task7Text_base64_en.txt */; };
		BB8FADA82AA503050016BA5C /* Task8Text_base64_en.txt in Resources */ = {isa = PBXBuildFile; fileRef = BB8FAD9F2AA503050016BA5C /* Task8Text_base64_en.txt */; };
		BB8FADA92AA503050016BA5C /* Task9Text_base64_en.txt in Resources */ = {isa = PBXBuildFile; fileRef = BB8FADA02AA503050016BA5C /* Task9Text_base64_en.txt */; };
		BB8FADAA2AA503050016BA5C /* Task1Text_base64_en.txt in Resources */ = {isa = PBXBuildFile; fileRef = BB8FADA12AA503050016BA5C /* Task1Text_base64_en.txt */; };
		BB8FADAB2AA503050016BA5C /* Task6Text_base64_en.txt in Resources */ = {isa = PBXBuildFile; fileRef = BB8FADA22AA503050016BA5C /* Task6Text_base64_en.txt */; };
		BB8FADAC2AA503050016BA5C /* Task4Text_base64_en.txt in Resources */ = {isa = PBXBuildFile; fileRef = BB8FADA32AA503050016BA5C /* Task4Text_base64_en.txt */; };
		BB8FADAD2AA503050016BA5C /* Task3Text_base64_en.txt in Resources */ = {isa = PBXBuildFile; fileRef = BB8FADA42AA503050016BA5C /* Task3Text_base64_en.txt */; };
		BB8FADAE2AA503050016BA5C /* Task2Text_base64_en.txt in Resources */ = {isa = PBXBuildFile; fileRef = BB8FADA52AA503050016BA5C /* Task2Text_base64_en.txt */; };
		BB8FADC32AA504C20016BA5C /* ViewControllerStretchingPicture.swift in Sources */ = {isa = PBXBuildFile; fileRef = BB8FADB22AA504C10016BA5C /* ViewControllerStretchingPicture.swift */; };
		BB8FADC42AA504C20016BA5C /* ViewControllerGradientAndShadow.swift in Sources */ = {isa = PBXBuildFile; fileRef = BB8FADB42AA504C10016BA5C /* ViewControllerGradientAndShadow.swift */; };
		BB8FADC52AA504C20016BA5C /* ViewControllerInertialSquare.swift in Sources */ = {isa = PBXBuildFile; fileRef = BB8FADB62AA504C10016BA5C /* ViewControllerInertialSquare.swift */; };
		BB8FADC62AA504C20016BA5C /* ViewControllerNativeAvatar.swift in Sources */ = {isa = PBXBuildFile; fileRef = BB8FADB82AA504C10016BA5C /* ViewControllerNativeAvatar.swift */; };
		BB8FADC72AA504C20016BA5C /* ViewControllerLinkedAnimation.swift in Sources */ = {isa = PBXBuildFile; fileRef = BB8FADBA2AA504C10016BA5C /* ViewControllerLinkedAnimation.swift */; };
		BB8FADC82AA504C20016BA5C /* ViewControllerThreeButtons.swift in Sources */ = {isa = PBXBuildFile; fileRef = BB8FADBC2AA504C10016BA5C /* ViewControllerThreeButtons.swift */; };
		BB8FADC92AA504C20016BA5C /* ViewControllerMixerTable.swift in Sources */ = {isa = PBXBuildFile; fileRef = BB8FADBE2AA504C10016BA5C /* ViewControllerMixerTable.swift */; };
		BB8FADCA2AA504C20016BA5C /* ViewControllerCompactController.swift in Sources */ = {isa = PBXBuildFile; fileRef = BB8FADC02AA504C20016BA5C /* ViewControllerCompactController.swift */; };
		BB8FADCB2AA504C20016BA5C /* CollectionViewControllerCaringCollection.swift in Sources */ = {isa = PBXBuildFile; fileRef = BB8FADC22AA504C20016BA5C /* CollectionViewControllerCaringCollection.swift */; };
		BB8FADCD2AA504DA0016BA5C /* AppOrientationUtility.swift in Sources */ = {isa = PBXBuildFile; fileRef = BB8FADCC2AA504DA0016BA5C /* AppOrientationUtility.swift */; };
		BB8FADD82AA50E8A0016BA5C /* Task9.mp4 in Resources */ = {isa = PBXBuildFile; fileRef = BB8FADCF2AA50E8A0016BA5C /* Task9.mp4 */; };
		BB8FADD92AA50E8A0016BA5C /* Task8.mp4 in Resources */ = {isa = PBXBuildFile; fileRef = BB8FADD02AA50E8A0016BA5C /* Task8.mp4 */; };
		BB8FADDA2AA50E8A0016BA5C /* Task3.mp4 in Resources */ = {isa = PBXBuildFile; fileRef = BB8FADD12AA50E8A0016BA5C /* Task3.mp4 */; };
		BB8FADDB2AA50E8A0016BA5C /* Task2.mp4 in Resources */ = {isa = PBXBuildFile; fileRef = BB8FADD22AA50E8A0016BA5C /* Task2.mp4 */; };
		BB8FADDC2AA50E8A0016BA5C /* Task1.mp4 in Resources */ = {isa = PBXBuildFile; fileRef = BB8FADD32AA50E8A0016BA5C /* Task1.mp4 */; };
		BB8FADDD2AA50E8A0016BA5C /* Task5.mp4 in Resources */ = {isa = PBXBuildFile; fileRef = BB8FADD42AA50E8A0016BA5C /* Task5.mp4 */; };
		BB8FADDE2AA50E8A0016BA5C /* Task4.mp4 in Resources */ = {isa = PBXBuildFile; fileRef = BB8FADD52AA50E8A0016BA5C /* Task4.mp4 */; };
		BB8FADDF2AA50E8A0016BA5C /* Task6.mp4 in Resources */ = {isa = PBXBuildFile; fileRef = BB8FADD62AA50E8A0016BA5C /* Task6.mp4 */; };
		BB8FADE02AA50E8A0016BA5C /* Task7.mp4 in Resources */ = {isa = PBXBuildFile; fileRef = BB8FADD72AA50E8A0016BA5C /* Task7.mp4 */; };
		BB9B4F3F2AA48EFA008FEEB8 /* AppDelegate.swift in Sources */ = {isa = PBXBuildFile; fileRef = BB9B4F3E2AA48EFA008FEEB8 /* AppDelegate.swift */; };
		BB9B4F412AA48EFA008FEEB8 /* SceneDelegate.swift in Sources */ = {isa = PBXBuildFile; fileRef = BB9B4F402AA48EFA008FEEB8 /* SceneDelegate.swift */; };
		BB9B4F432AA48EFA008FEEB8 /* MainCollectionViewController.swift in Sources */ = {isa = PBXBuildFile; fileRef = BB9B4F422AA48EFA008FEEB8 /* MainCollectionViewController.swift */; };
		BB9B4F482AA48EFB008FEEB8 /* Assets.xcassets in Resources */ = {isa = PBXBuildFile; fileRef = BB9B4F472AA48EFB008FEEB8 /* Assets.xcassets */; };
		BB9B4F4B2AA48EFB008FEEB8 /* LaunchScreen.storyboard in Resources */ = {isa = PBXBuildFile; fileRef = BB9B4F492AA48EFB008FEEB8 /* LaunchScreen.storyboard */; };
/* End PBXBuildFile section */

/* Begin PBXFileReference section */
		BB17CFD32AA7681D0038A073 /* TaskDecodingServiceProtocol.swift */ = {isa = PBXFileReference; lastKnownFileType = sourcecode.swift; path = TaskDecodingServiceProtocol.swift; sourceTree = "<group>"; };
		BB17CFD52AA7682E0038A073 /* TaskDecodingService.swift */ = {isa = PBXFileReference; lastKnownFileType = sourcecode.swift; path = TaskDecodingService.swift; sourceTree = "<group>"; };
		BB1A48232AA62FAD00668979 /* MainCollectionViewCell.swift */ = {isa = PBXFileReference; lastKnownFileType = sourcecode.swift; path = MainCollectionViewCell.swift; sourceTree = "<group>"; };
		BB1A48292AA634DB00668979 /* AppColors.swift */ = {isa = PBXFileReference; lastKnownFileType = sourcecode.swift; path = AppColors.swift; sourceTree = "<group>"; };
		BB1A482C2AA634FB00668979 /* AppFonts.swift */ = {isa = PBXFileReference; lastKnownFileType = sourcecode.swift; path = AppFonts.swift; sourceTree = "<group>"; };
		BB1A482F2AA65C7500668979 /* BridgeViewController.swift */ = {isa = PBXFileReference; lastKnownFileType = sourcecode.swift; path = BridgeViewController.swift; sourceTree = "<group>"; };
		BB1A48322AA65CB600668979 /* MainPresenter.swift */ = {isa = PBXFileReference; lastKnownFileType = sourcecode.swift; path = MainPresenter.swift; sourceTree = "<group>"; };
		BB1A48342AA65CF500668979 /* AssemblyBuilder.swift */ = {isa = PBXFileReference; lastKnownFileType = sourcecode.swift; path = AssemblyBuilder.swift; sourceTree = "<group>"; };
		BB1A48362AA65D2600668979 /* Router.swift */ = {isa = PBXFileReference; lastKnownFileType = sourcecode.swift; path = Router.swift; sourceTree = "<group>"; };
		BB1A483B2AA65DCF00668979 /* RouterProtocol.swift */ = {isa = PBXFileReference; lastKnownFileType = sourcecode.swift; path = RouterProtocol.swift; sourceTree = "<group>"; };
		BB1A483F2AA65DF700668979 /* AssemblyBuilderProtocol.swift */ = {isa = PBXFileReference; lastKnownFileType = sourcecode.swift; path = AssemblyBuilderProtocol.swift; sourceTree = "<group>"; };
		BB1A48432AA65FB700668979 /* MainPresenterProtocol.swift */ = {isa = PBXFileReference; lastKnownFileType = sourcecode.swift; path = MainPresenterProtocol.swift; sourceTree = "<group>"; };
		BB1A48462AA65FF900668979 /* MainCollectionViewProtocol.swift */ = {isa = PBXFileReference; lastKnownFileType = sourcecode.swift; path = MainCollectionViewProtocol.swift; sourceTree = "<group>"; };
		BB1F570E2AA67434002857ED /* Task5Text_base64_en.txt */ = {isa = PBXFileReference; fileEncoding = 4; lastKnownFileType = text; path = Task5Text_base64_en.txt; sourceTree = "<group>"; };
		BB1F57142AA67D8C002857ED /* en */ = {isa = PBXFileReference; lastKnownFileType = text.plist.strings; name = en; path = en.lproj/Localizable.strings; sourceTree = "<group>"; };
		BB1F57162AA67D8F002857ED /* ru */ = {isa = PBXFileReference; lastKnownFileType = text.plist.strings; name = ru; path = ru.lproj/Localizable.strings; sourceTree = "<group>"; };
		BB1F57172AA67DCC002857ED /* LocalizationKeys.swift */ = {isa = PBXFileReference; lastKnownFileType = sourcecode.swift; path = LocalizationKeys.swift; sourceTree = "<group>"; };
		BB5038452AA66B5D00F9F400 /* BridgePresenter.swift */ = {isa = PBXFileReference; lastKnownFileType = sourcecode.swift; name = BridgePresenter.swift; path = UIKitMarathon/Bridge/Presenter/BridgePresenter.swift; sourceTree = SOURCE_ROOT; };
		BB5038472AA66B6E00F9F400 /* BridgePresenterProtocol.swift */ = {isa = PBXFileReference; lastKnownFileType = sourcecode.swift; name = BridgePresenterProtocol.swift; path = UIKitMarathon/Bridge/Presenter/Contracts/BridgePresenterProtocol.swift; sourceTree = SOURCE_ROOT; };
		BB5038492AA66B9900F9F400 /* BridgeViewProtocol.swift */ = {isa = PBXFileReference; lastKnownFileType = sourcecode.swift; name = BridgeViewProtocol.swift; path = UIKitMarathon/Bridge/Views/Contracts/BridgeViewProtocol.swift; sourceTree = SOURCE_ROOT; };
		BB8FAD7B2AA4FCE80016BA5C /* Task.swift */ = {isa = PBXFileReference; lastKnownFileType = sourcecode.swift; path = Task.swift; sourceTree = "<group>"; };
		BB8FAD812AA4FE680016BA5C /* Task7Text_base64.txt */ = {isa = PBXFileReference; fileEncoding = 4; lastKnownFileType = text; path = Task7Text_base64.txt; sourceTree = "<group>"; };
		BB8FAD822AA4FE680016BA5C /* Task8Text_base64.txt */ = {isa = PBXFileReference; fileEncoding = 4; lastKnownFileType = text; path = Task8Text_base64.txt; sourceTree = "<group>"; };
		BB8FAD832AA4FE680016BA5C /* Task9Text_base64.txt */ = {isa = PBXFileReference; fileEncoding = 4; lastKnownFileType = text; path = Task9Text_base64.txt; sourceTree = "<group>"; };
		BB8FAD842AA4FE680016BA5C /* Task1Text_base64.txt */ = {isa = PBXFileReference; fileEncoding = 4; lastKnownFileType = text; path = Task1Text_base64.txt; sourceTree = "<group>"; };
		BB8FAD852AA4FE680016BA5C /* Task6Text_base64.txt */ = {isa = PBXFileReference; fileEncoding = 4; lastKnownFileType = text; path = Task6Text_base64.txt; sourceTree = "<group>"; };
		BB8FAD862AA4FE680016BA5C /* Task4Text_base64.txt */ = {isa = PBXFileReference; fileEncoding = 4; lastKnownFileType = text; path = Task4Text_base64.txt; sourceTree = "<group>"; };
		BB8FAD872AA4FE680016BA5C /* Task3Text_base64.txt */ = {isa = PBXFileReference; fileEncoding = 4; lastKnownFileType = text; path = Task3Text_base64.txt; sourceTree = "<group>"; };
		BB8FAD882AA4FE680016BA5C /* Task2Text_base64.txt */ = {isa = PBXFileReference; fileEncoding = 4; lastKnownFileType = text; path = Task2Text_base64.txt; sourceTree = "<group>"; };
		BB8FAD892AA4FE680016BA5C /* Task5Text_base64.txt */ = {isa = PBXFileReference; fileEncoding = 4; lastKnownFileType = text; path = Task5Text_base64.txt; sourceTree = "<group>"; };
		BB8FAD9E2AA503050016BA5C /* Task7Text_base64_en.txt */ = {isa = PBXFileReference; fileEncoding = 4; lastKnownFileType = text; path = Task7Text_base64_en.txt; sourceTree = "<group>"; };
		BB8FAD9F2AA503050016BA5C /* Task8Text_base64_en.txt */ = {isa = PBXFileReference; fileEncoding = 4; lastKnownFileType = text; path = Task8Text_base64_en.txt; sourceTree = "<group>"; };
		BB8FADA02AA503050016BA5C /* Task9Text_base64_en.txt */ = {isa = PBXFileReference; fileEncoding = 4; lastKnownFileType = text; path = Task9Text_base64_en.txt; sourceTree = "<group>"; };
		BB8FADA12AA503050016BA5C /* Task1Text_base64_en.txt */ = {isa = PBXFileReference; fileEncoding = 4; lastKnownFileType = text; path = Task1Text_base64_en.txt; sourceTree = "<group>"; };
		BB8FADA22AA503050016BA5C /* Task6Text_base64_en.txt */ = {isa = PBXFileReference; fileEncoding = 4; lastKnownFileType = text; path = Task6Text_base64_en.txt; sourceTree = "<group>"; };
		BB8FADA32AA503050016BA5C /* Task4Text_base64_en.txt */ = {isa = PBXFileReference; fileEncoding = 4; lastKnownFileType = text; path = Task4Text_base64_en.txt; sourceTree = "<group>"; };
		BB8FADA42AA503050016BA5C /* Task3Text_base64_en.txt */ = {isa = PBXFileReference; fileEncoding = 4; lastKnownFileType = text; path = Task3Text_base64_en.txt; sourceTree = "<group>"; };
		BB8FADA52AA503050016BA5C /* Task2Text_base64_en.txt */ = {isa = PBXFileReference; fileEncoding = 4; lastKnownFileType = text; path = Task2Text_base64_en.txt; sourceTree = "<group>"; };
		BB8FADB02AA503F00016BA5C /* ru */ = {isa = PBXFileReference; lastKnownFileType = text.plist.strings; name = ru; path = ru.lproj/LaunchScreen.strings; sourceTree = "<group>"; };
		BB8FADB22AA504C10016BA5C /* ViewControllerStretchingPicture.swift */ = {isa = PBXFileReference; fileEncoding = 4; lastKnownFileType = sourcecode.swift; path = ViewControllerStretchingPicture.swift; sourceTree = "<group>"; };
		BB8FADB42AA504C10016BA5C /* ViewControllerGradientAndShadow.swift */ = {isa = PBXFileReference; fileEncoding = 4; lastKnownFileType = sourcecode.swift; path = ViewControllerGradientAndShadow.swift; sourceTree = "<group>"; };
		BB8FADB62AA504C10016BA5C /* ViewControllerInertialSquare.swift */ = {isa = PBXFileReference; fileEncoding = 4; lastKnownFileType = sourcecode.swift; path = ViewControllerInertialSquare.swift; sourceTree = "<group>"; };
		BB8FADB82AA504C10016BA5C /* ViewControllerNativeAvatar.swift */ = {isa = PBXFileReference; fileEncoding = 4; lastKnownFileType = sourcecode.swift; path = ViewControllerNativeAvatar.swift; sourceTree = "<group>"; };
		BB8FADBA2AA504C10016BA5C /* ViewControllerLinkedAnimation.swift */ = {isa = PBXFileReference; fileEncoding = 4; lastKnownFileType = sourcecode.swift; path = ViewControllerLinkedAnimation.swift; sourceTree = "<group>"; };
		BB8FADBC2AA504C10016BA5C /* ViewControllerThreeButtons.swift */ = {isa = PBXFileReference; fileEncoding = 4; lastKnownFileType = sourcecode.swift; path = ViewControllerThreeButtons.swift; sourceTree = "<group>"; };
		BB8FADBE2AA504C10016BA5C /* ViewControllerMixerTable.swift */ = {isa = PBXFileReference; fileEncoding = 4; lastKnownFileType = sourcecode.swift; path = ViewControllerMixerTable.swift; sourceTree = "<group>"; };
		BB8FADC02AA504C20016BA5C /* ViewControllerCompactController.swift */ = {isa = PBXFileReference; fileEncoding = 4; lastKnownFileType = sourcecode.swift; path = ViewControllerCompactController.swift; sourceTree = "<group>"; };
		BB8FADC22AA504C20016BA5C /* CollectionViewControllerCaringCollection.swift */ = {isa = PBXFileReference; fileEncoding = 4; lastKnownFileType = sourcecode.swift; path = CollectionViewControllerCaringCollection.swift; sourceTree = "<group>"; };
		BB8FADCC2AA504DA0016BA5C /* AppOrientationUtility.swift */ = {isa = PBXFileReference; lastKnownFileType = sourcecode.swift; path = AppOrientationUtility.swift; sourceTree = "<group>"; };
		BB8FADCF2AA50E8A0016BA5C /* Task9.mp4 */ = {isa = PBXFileReference; lastKnownFileType = file; path = Task9.mp4; sourceTree = "<group>"; };
		BB8FADD02AA50E8A0016BA5C /* Task8.mp4 */ = {isa = PBXFileReference; lastKnownFileType = file; path = Task8.mp4; sourceTree = "<group>"; };
		BB8FADD12AA50E8A0016BA5C /* Task3.mp4 */ = {isa = PBXFileReference; lastKnownFileType = file; path = Task3.mp4; sourceTree = "<group>"; };
		BB8FADD22AA50E8A0016BA5C /* Task2.mp4 */ = {isa = PBXFileReference; lastKnownFileType = file; path = Task2.mp4; sourceTree = "<group>"; };
		BB8FADD32AA50E8A0016BA5C /* Task1.mp4 */ = {isa = PBXFileReference; lastKnownFileType = file; path = Task1.mp4; sourceTree = "<group>"; };
		BB8FADD42AA50E8A0016BA5C /* Task5.mp4 */ = {isa = PBXFileReference; lastKnownFileType = file; path = Task5.mp4; sourceTree = "<group>"; };
		BB8FADD52AA50E8A0016BA5C /* Task4.mp4 */ = {isa = PBXFileReference; lastKnownFileType = file; path = Task4.mp4; sourceTree = "<group>"; };
		BB8FADD62AA50E8A0016BA5C /* Task6.mp4 */ = {isa = PBXFileReference; lastKnownFileType = file; path = Task6.mp4; sourceTree = "<group>"; };
		BB8FADD72AA50E8A0016BA5C /* Task7.mp4 */ = {isa = PBXFileReference; lastKnownFileType = file; path = Task7.mp4; sourceTree = "<group>"; };
		BB9B4F3B2AA48EFA008FEEB8 /* UIKitMarathon.app */ = {isa = PBXFileReference; explicitFileType = wrapper.application; includeInIndex = 0; path = UIKitMarathon.app; sourceTree = BUILT_PRODUCTS_DIR; };
		BB9B4F3E2AA48EFA008FEEB8 /* AppDelegate.swift */ = {isa = PBXFileReference; lastKnownFileType = sourcecode.swift; path = AppDelegate.swift; sourceTree = "<group>"; };
		BB9B4F402AA48EFA008FEEB8 /* SceneDelegate.swift */ = {isa = PBXFileReference; lastKnownFileType = sourcecode.swift; path = SceneDelegate.swift; sourceTree = "<group>"; };
		BB9B4F422AA48EFA008FEEB8 /* MainCollectionViewController.swift */ = {isa = PBXFileReference; lastKnownFileType = sourcecode.swift; path = MainCollectionViewController.swift; sourceTree = "<group>"; };
		BB9B4F472AA48EFB008FEEB8 /* Assets.xcassets */ = {isa = PBXFileReference; lastKnownFileType = folder.assetcatalog; path = Assets.xcassets; sourceTree = "<group>"; };
		BB9B4F4A2AA48EFB008FEEB8 /* Base */ = {isa = PBXFileReference; lastKnownFileType = file.storyboard; name = Base; path = Base.lproj/LaunchScreen.storyboard; sourceTree = "<group>"; };
		BB9B4F4C2AA48EFB008FEEB8 /* Info.plist */ = {isa = PBXFileReference; lastKnownFileType = text.plist.xml; path = Info.plist; sourceTree = "<group>"; };
/* End PBXFileReference section */

/* Begin PBXFrameworksBuildPhase section */
		BB9B4F382AA48EFA008FEEB8 /* Frameworks */ = {
			isa = PBXFrameworksBuildPhase;
			buildActionMask = 2147483647;
			files = (
			);
			runOnlyForDeploymentPostprocessing = 0;
		};
/* End PBXFrameworksBuildPhase section */

/* Begin PBXGroup section */
		BB17CFD12AA768020038A073 /* TaskDecodingService */ = {
			isa = PBXGroup;
			children = (
				BB17CFD22AA768160038A073 /* Contracts */,
				BB17CFD52AA7682E0038A073 /* TaskDecodingService.swift */,
			);
			path = TaskDecodingService;
			sourceTree = "<group>";
		};
		BB17CFD22AA768160038A073 /* Contracts */ = {
			isa = PBXGroup;
			children = (
				BB17CFD32AA7681D0038A073 /* TaskDecodingServiceProtocol.swift */,
			);
			path = Contracts;
			sourceTree = "<group>";
		};
		BB1A48252AA6331600668979 /* Views */ = {
			isa = PBXGroup;
			children = (
				BB1A48452AA65FEB00668979 /* Contracts */,
				BB1A48262AA6331700668979 /* Cells */,
				BB9B4F422AA48EFA008FEEB8 /* MainCollectionViewController.swift */,
			);
			path = Views;
			sourceTree = "<group>";
		};
		BB1A48262AA6331700668979 /* Cells */ = {
			isa = PBXGroup;
			children = (
				BB1A48232AA62FAD00668979 /* MainCollectionViewCell.swift */,
			);
			path = Cells;
			sourceTree = "<group>";
		};
		BB1A48272AA6332200668979 /* Common Models */ = {
			isa = PBXGroup;
			children = (
				BB8FAD7B2AA4FCE80016BA5C /* Task.swift */,
			);
			path = "Common Models";
			sourceTree = "<group>";
		};
		BB1A48282AA634D400668979 /* Colors */ = {
			isa = PBXGroup;
			children = (
				BB1A48292AA634DB00668979 /* AppColors.swift */,
			);
			path = Colors;
			sourceTree = "<group>";
		};
		BB1A482B2AA634F600668979 /* Fonts */ = {
			isa = PBXGroup;
			children = (
				BB1A482C2AA634FB00668979 /* AppFonts.swift */,
			);
			path = Fonts;
			sourceTree = "<group>";
		};
		BB1A482E2AA63A1A00668979 /* Bridge */ = {
			isa = PBXGroup;
			children = (
				BB1F570B2AA66EA9002857ED /* Presenter */,
				BB1A48492AA6673200668979 /* Views */,
			);
			path = Bridge;
			sourceTree = "<group>";
		};
		BB1A48312AA65CAC00668979 /* Presenter */ = {
			isa = PBXGroup;
			children = (
				BB1A48422AA65FAE00668979 /* Contracts */,
				BB1A48322AA65CB600668979 /* MainPresenter.swift */,
			);
			path = Presenter;
			sourceTree = "<group>";
		};
		BB1A48382AA65DBA00668979 /* Router */ = {
			isa = PBXGroup;
			children = (
				BB1A483A2AA65DCA00668979 /* Contracts */,
				BB1A48362AA65D2600668979 /* Router.swift */,
			);
			path = Router;
			sourceTree = "<group>";
		};
		BB1A483A2AA65DCA00668979 /* Contracts */ = {
			isa = PBXGroup;
			children = (
				BB1A483B2AA65DCF00668979 /* RouterProtocol.swift */,
			);
			path = Contracts;
			sourceTree = "<group>";
		};
		BB1A483D2AA65DE200668979 /* AssemblyBuilder */ = {
			isa = PBXGroup;
			children = (
				BB1A483E2AA65DF000668979 /* Contracts */,
				BB1A48342AA65CF500668979 /* AssemblyBuilder.swift */,
			);
			path = AssemblyBuilder;
			sourceTree = "<group>";
		};
		BB1A483E2AA65DF000668979 /* Contracts */ = {
			isa = PBXGroup;
			children = (
				BB1A483F2AA65DF700668979 /* AssemblyBuilderProtocol.swift */,
			);
			path = Contracts;
			sourceTree = "<group>";
		};
		BB1A48412AA65EBF00668979 /* Core */ = {
			isa = PBXGroup;
			children = (
				BB1A48382AA65DBA00668979 /* Router */,
				BB1A483D2AA65DE200668979 /* AssemblyBuilder */,
			);
			path = Core;
			sourceTree = "<group>";
		};
		BB1A48422AA65FAE00668979 /* Contracts */ = {
			isa = PBXGroup;
			children = (
				BB1A48432AA65FB700668979 /* MainPresenterProtocol.swift */,
			);
			path = Contracts;
			sourceTree = "<group>";
		};
		BB1A48452AA65FEB00668979 /* Contracts */ = {
			isa = PBXGroup;
			children = (
				BB1A48462AA65FF900668979 /* MainCollectionViewProtocol.swift */,
			);
			path = Contracts;
			sourceTree = "<group>";
		};
		BB1A48492AA6673200668979 /* Views */ = {
			isa = PBXGroup;
			children = (
				BB1F570D2AA66EB6002857ED /* Contracts */,
				BB1A482F2AA65C7500668979 /* BridgeViewController.swift */,
			);
			path = Views;
			sourceTree = "<group>";
		};
		BB1F570B2AA66EA9002857ED /* Presenter */ = {
			isa = PBXGroup;
			children = (
				BB1F570C2AA66EAE002857ED /* Contracts */,
				BB5038452AA66B5D00F9F400 /* BridgePresenter.swift */,
			);
			path = Presenter;
			sourceTree = "<group>";
		};
		BB1F570C2AA66EAE002857ED /* Contracts */ = {
			isa = PBXGroup;
			children = (
				BB5038472AA66B6E00F9F400 /* BridgePresenterProtocol.swift */,
			);
			path = Contracts;
			sourceTree = "<group>";
		};
		BB1F570D2AA66EB6002857ED /* Contracts */ = {
			isa = PBXGroup;
			children = (
				BB5038492AA66B9900F9F400 /* BridgeViewProtocol.swift */,
			);
			path = Contracts;
			sourceTree = "<group>";
		};
		BB1F57122AA67D7E002857ED /* Localization */ = {
			isa = PBXGroup;
			children = (
				BB1F57152AA67D8C002857ED /* Localizable.strings */,
				BB1F57172AA67DCC002857ED /* LocalizationKeys.swift */,
			);
			path = Localization;
			sourceTree = "<group>";
		};
		BB8FAD782AA4F8E50016BA5C /* Application */ = {
			isa = PBXGroup;
			children = (
				BB9B4F402AA48EFA008FEEB8 /* SceneDelegate.swift */,
				BB9B4F3E2AA48EFA008FEEB8 /* AppDelegate.swift */,
				BB8FADCC2AA504DA0016BA5C /* AppOrientationUtility.swift */,
			);
			path = Application;
			sourceTree = "<group>";
		};
		BB8FAD792AA4F8EB0016BA5C /* Resources */ = {
			isa = PBXGroup;
			children = (
				BB1F57122AA67D7E002857ED /* Localization */,
				BB1A482B2AA634F600668979 /* Fonts */,
				BB1A48282AA634D400668979 /* Colors */,
				BB8FADCE2AA50E8A0016BA5C /* videos */,
				BB8FAD9D2AA503050016BA5C /* base64TaskTexts_en */,
				BB8FAD802AA4FE680016BA5C /* base64TaskTexts_ru */,
				BB9B4F472AA48EFB008FEEB8 /* Assets.xcassets */,
				BB9B4F4C2AA48EFB008FEEB8 /* Info.plist */,
				BB9B4F492AA48EFB008FEEB8 /* LaunchScreen.storyboard */,
			);
			path = Resources;
			sourceTree = "<group>";
		};
		BB8FAD7A2AA4FCB10016BA5C /* Main */ = {
			isa = PBXGroup;
			children = (
				BB1A48312AA65CAC00668979 /* Presenter */,
				BB1A48252AA6331600668979 /* Views */,
			);
			path = Main;
			sourceTree = "<group>";
		};
		BB8FAD802AA4FE680016BA5C /* base64TaskTexts_ru */ = {
			isa = PBXGroup;
			children = (
				BB8FAD812AA4FE680016BA5C /* Task7Text_base64.txt */,
				BB8FAD822AA4FE680016BA5C /* Task8Text_base64.txt */,
				BB8FAD832AA4FE680016BA5C /* Task9Text_base64.txt */,
				BB8FAD842AA4FE680016BA5C /* Task1Text_base64.txt */,
				BB8FAD852AA4FE680016BA5C /* Task6Text_base64.txt */,
				BB8FAD862AA4FE680016BA5C /* Task4Text_base64.txt */,
				BB8FAD872AA4FE680016BA5C /* Task3Text_base64.txt */,
				BB8FAD882AA4FE680016BA5C /* Task2Text_base64.txt */,
				BB8FAD892AA4FE680016BA5C /* Task5Text_base64.txt */,
			);
			path = base64TaskTexts_ru;
			sourceTree = "<group>";
		};
		BB8FAD9C2AA502AD0016BA5C /* Tasks */ = {
			isa = PBXGroup;
			children = (
				BB8FADC12AA504C20016BA5C /* Caring Collection */,
				BB8FADBF2AA504C20016BA5C /* Compact Controller */,
				BB8FADB32AA504C10016BA5C /* Gradient and Shadow */,
				BB8FADB52AA504C10016BA5C /* Inertial Square */,
				BB8FADB92AA504C10016BA5C /* Linked Animation */,
				BB8FADBD2AA504C10016BA5C /* Mixer Table */,
				BB8FADB72AA504C10016BA5C /* Native Avatar */,
				BB8FADB12AA504C10016BA5C /* Stretching Picture */,
				BB8FADBB2AA504C10016BA5C /* Three buttons */,
			);
			path = Tasks;
			sourceTree = "<group>";
		};
		BB8FAD9D2AA503050016BA5C /* base64TaskTexts_en */ = {
			isa = PBXGroup;
			children = (
				BB8FAD9E2AA503050016BA5C /* Task7Text_base64_en.txt */,
				BB8FAD9F2AA503050016BA5C /* Task8Text_base64_en.txt */,
				BB8FADA02AA503050016BA5C /* Task9Text_base64_en.txt */,
				BB8FADA12AA503050016BA5C /* Task1Text_base64_en.txt */,
				BB8FADA22AA503050016BA5C /* Task6Text_base64_en.txt */,
				BB8FADA32AA503050016BA5C /* Task4Text_base64_en.txt */,
				BB8FADA42AA503050016BA5C /* Task3Text_base64_en.txt */,
				BB8FADA52AA503050016BA5C /* Task2Text_base64_en.txt */,
				BB1F570E2AA67434002857ED /* Task5Text_base64_en.txt */,
			);
			path = base64TaskTexts_en;
			sourceTree = "<group>";
		};
		BB8FADB12AA504C10016BA5C /* Stretching Picture */ = {
			isa = PBXGroup;
			children = (
				BB8FADB22AA504C10016BA5C /* ViewControllerStretchingPicture.swift */,
			);
			path = "Stretching Picture";
			sourceTree = "<group>";
		};
		BB8FADB32AA504C10016BA5C /* Gradient and Shadow */ = {
			isa = PBXGroup;
			children = (
				BB8FADB42AA504C10016BA5C /* ViewControllerGradientAndShadow.swift */,
			);
			path = "Gradient and Shadow";
			sourceTree = "<group>";
		};
		BB8FADB52AA504C10016BA5C /* Inertial Square */ = {
			isa = PBXGroup;
			children = (
				BB8FADB62AA504C10016BA5C /* ViewControllerInertialSquare.swift */,
			);
			path = "Inertial Square";
			sourceTree = "<group>";
		};
		BB8FADB72AA504C10016BA5C /* Native Avatar */ = {
			isa = PBXGroup;
			children = (
				BB8FADB82AA504C10016BA5C /* ViewControllerNativeAvatar.swift */,
			);
			path = "Native Avatar";
			sourceTree = "<group>";
		};
		BB8FADB92AA504C10016BA5C /* Linked Animation */ = {
			isa = PBXGroup;
			children = (
				BB8FADBA2AA504C10016BA5C /* ViewControllerLinkedAnimation.swift */,
			);
			path = "Linked Animation";
			sourceTree = "<group>";
		};
		BB8FADBB2AA504C10016BA5C /* Three buttons */ = {
			isa = PBXGroup;
			children = (
				BB8FADBC2AA504C10016BA5C /* ViewControllerThreeButtons.swift */,
			);
			path = "Three buttons";
			sourceTree = "<group>";
		};
		BB8FADBD2AA504C10016BA5C /* Mixer Table */ = {
			isa = PBXGroup;
			children = (
				BB8FADBE2AA504C10016BA5C /* ViewControllerMixerTable.swift */,
			);
			path = "Mixer Table";
			sourceTree = "<group>";
		};
		BB8FADBF2AA504C20016BA5C /* Compact Controller */ = {
			isa = PBXGroup;
			children = (
				BB8FADC02AA504C20016BA5C /* ViewControllerCompactController.swift */,
			);
			path = "Compact Controller";
			sourceTree = "<group>";
		};
		BB8FADC12AA504C20016BA5C /* Caring Collection */ = {
			isa = PBXGroup;
			children = (
				BB8FADC22AA504C20016BA5C /* CollectionViewControllerCaringCollection.swift */,
			);
			path = "Caring Collection";
			sourceTree = "<group>";
		};
		BB8FADCE2AA50E8A0016BA5C /* videos */ = {
			isa = PBXGroup;
			children = (
				BB8FADCF2AA50E8A0016BA5C /* Task9.mp4 */,
				BB8FADD02AA50E8A0016BA5C /* Task8.mp4 */,
				BB8FADD12AA50E8A0016BA5C /* Task3.mp4 */,
				BB8FADD22AA50E8A0016BA5C /* Task2.mp4 */,
				BB8FADD32AA50E8A0016BA5C /* Task1.mp4 */,
				BB8FADD42AA50E8A0016BA5C /* Task5.mp4 */,
				BB8FADD52AA50E8A0016BA5C /* Task4.mp4 */,
				BB8FADD62AA50E8A0016BA5C /* Task6.mp4 */,
				BB8FADD72AA50E8A0016BA5C /* Task7.mp4 */,
			);
			path = videos;
			sourceTree = "<group>";
		};
		BB9B4F322AA48EFA008FEEB8 = {
			isa = PBXGroup;
			children = (
				BB9B4F3D2AA48EFA008FEEB8 /* UIKitMarathon */,
				BB9B4F3C2AA48EFA008FEEB8 /* Products */,
			);
			sourceTree = "<group>";
		};
		BB9B4F3C2AA48EFA008FEEB8 /* Products */ = {
			isa = PBXGroup;
			children = (
				BB9B4F3B2AA48EFA008FEEB8 /* UIKitMarathon.app */,
			);
			name = Products;
			sourceTree = "<group>";
		};
		BB9B4F3D2AA48EFA008FEEB8 /* UIKitMarathon */ = {
			isa = PBXGroup;
			children = (
				BB8FAD792AA4F8EB0016BA5C /* Resources */,
				BB8FAD782AA4F8E50016BA5C /* Application */,
				BB1A48412AA65EBF00668979 /* Core */,
				BB8FAD7A2AA4FCB10016BA5C /* Main */,
				BB1A482E2AA63A1A00668979 /* Bridge */,
				BB17CFD12AA768020038A073 /* TaskDecodingService */,
				BB1A48272AA6332200668979 /* Common Models */,
				BB8FAD9C2AA502AD0016BA5C /* Tasks */,
			);
			path = UIKitMarathon;
			sourceTree = "<group>";
		};
/* End PBXGroup section */

/* Begin PBXNativeTarget section */
		BB9B4F3A2AA48EFA008FEEB8 /* UIKitMarathon */ = {
			isa = PBXNativeTarget;
			buildConfigurationList = BB9B4F4F2AA48EFB008FEEB8 /* Build configuration list for PBXNativeTarget "UIKitMarathon" */;
			buildPhases = (
				BB9B4F372AA48EFA008FEEB8 /* Sources */,
				BB9B4F382AA48EFA008FEEB8 /* Frameworks */,
				BB9B4F392AA48EFA008FEEB8 /* Resources */,
			);
			buildRules = (
			);
			dependencies = (
			);
			name = UIKitMarathon;
			productName = UIKitMarathon;
			productReference = BB9B4F3B2AA48EFA008FEEB8 /* UIKitMarathon.app */;
			productType = "com.apple.product-type.application";
		};
/* End PBXNativeTarget section */

/* Begin PBXProject section */
		BB9B4F332AA48EFA008FEEB8 /* Project object */ = {
			isa = PBXProject;
			attributes = {
				BuildIndependentTargetsInParallel = 1;
				LastSwiftUpdateCheck = 1430;
				LastUpgradeCheck = 1430;
				TargetAttributes = {
					BB9B4F3A2AA48EFA008FEEB8 = {
						CreatedOnToolsVersion = 14.3.1;
					};
				};
			};
			buildConfigurationList = BB9B4F362AA48EFA008FEEB8 /* Build configuration list for PBXProject "UIKitMarathon" */;
			compatibilityVersion = "Xcode 14.0";
			developmentRegion = en;
			hasScannedForEncodings = 0;
			knownRegions = (
				en,
				Base,
				ru,
			);
			mainGroup = BB9B4F322AA48EFA008FEEB8;
			productRefGroup = BB9B4F3C2AA48EFA008FEEB8 /* Products */;
			projectDirPath = "";
			projectRoot = "";
			targets = (
				BB9B4F3A2AA48EFA008FEEB8 /* UIKitMarathon */,
			);
		};
/* End PBXProject section */

/* Begin PBXResourcesBuildPhase section */
		BB9B4F392AA48EFA008FEEB8 /* Resources */ = {
			isa = PBXResourcesBuildPhase;
			buildActionMask = 2147483647;
			files = (
				BB8FADD82AA50E8A0016BA5C /* Task9.mp4 in Resources */,
				BB8FAD912AA4FE680016BA5C /* Task2Text_base64.txt in Resources */,
				BB8FADA92AA503050016BA5C /* Task9Text_base64_en.txt in Resources */,
				BB8FADAE2AA503050016BA5C /* Task2Text_base64_en.txt in Resources */,
				BB8FADDA2AA50E8A0016BA5C /* Task3.mp4 in Resources */,
				BB1F570F2AA67434002857ED /* Task5Text_base64_en.txt in Resources */,
				BB8FADA72AA503050016BA5C /* Task7Text_base64_en.txt in Resources */,
				BB9B4F4B2AA48EFB008FEEB8 /* LaunchScreen.storyboard in Resources */,
				BB8FADAB2AA503050016BA5C /* Task6Text_base64_en.txt in Resources */,
				BB8FAD922AA4FE680016BA5C /* Task5Text_base64.txt in Resources */,
				BB8FADDF2AA50E8A0016BA5C /* Task6.mp4 in Resources */,
				BB8FADA82AA503050016BA5C /* Task8Text_base64_en.txt in Resources */,
				BB8FADD92AA50E8A0016BA5C /* Task8.mp4 in Resources */,
				BB8FADE02AA50E8A0016BA5C /* Task7.mp4 in Resources */,
				BB8FAD8A2AA4FE680016BA5C /* Task7Text_base64.txt in Resources */,
				BB8FAD8F2AA4FE680016BA5C /* Task4Text_base64.txt in Resources */,
				BB8FADAA2AA503050016BA5C /* Task1Text_base64_en.txt in Resources */,
				BB8FAD8C2AA4FE680016BA5C /* Task9Text_base64.txt in Resources */,
				BB8FAD8B2AA4FE680016BA5C /* Task8Text_base64.txt in Resources */,
				BB9B4F482AA48EFB008FEEB8 /* Assets.xcassets in Resources */,
				BB8FADAC2AA503050016BA5C /* Task4Text_base64_en.txt in Resources */,
				BB8FADDC2AA50E8A0016BA5C /* Task1.mp4 in Resources */,
				BB8FAD902AA4FE680016BA5C /* Task3Text_base64.txt in Resources */,
				BB8FADAD2AA503050016BA5C /* Task3Text_base64_en.txt in Resources */,
				BB8FADDD2AA50E8A0016BA5C /* Task5.mp4 in Resources */,
				BB1F57132AA67D8C002857ED /* Localizable.strings in Resources */,
				BB8FADDB2AA50E8A0016BA5C /* Task2.mp4 in Resources */,
				BB8FADDE2AA50E8A0016BA5C /* Task4.mp4 in Resources */,
				BB8FAD8D2AA4FE680016BA5C /* Task1Text_base64.txt in Resources */,
				BB8FAD8E2AA4FE680016BA5C /* Task6Text_base64.txt in Resources */,
			);
			runOnlyForDeploymentPostprocessing = 0;
		};
/* End PBXResourcesBuildPhase section */

/* Begin PBXSourcesBuildPhase section */
		BB9B4F372AA48EFA008FEEB8 /* Sources */ = {
			isa = PBXSourcesBuildPhase;
			buildActionMask = 2147483647;
			files = (
				BB17CFD62AA7682E0038A073 /* TaskDecodingService.swift in Sources */,
				BB8FADC62AA504C20016BA5C /* ViewControllerNativeAvatar.swift in Sources */,
				BB8FADC92AA504C20016BA5C /* ViewControllerMixerTable.swift in Sources */,
				BB8FADC42AA504C20016BA5C /* ViewControllerGradientAndShadow.swift in Sources */,
				BB8FADCB2AA504C20016BA5C /* CollectionViewControllerCaringCollection.swift in Sources */,
				BB8FADC82AA504C20016BA5C /* ViewControllerThreeButtons.swift in Sources */,
				BB8FAD7C2AA4FCE80016BA5C /* Task.swift in Sources */,
				BB9B4F432AA48EFA008FEEB8 /* MainCollectionViewController.swift in Sources */,
				BB17CFD42AA7681D0038A073 /* TaskDecodingServiceProtocol.swift in Sources */,
				BB1A48302AA65C7500668979 /* BridgeViewController.swift in Sources */,
				BB1A48332AA65CB600668979 /* MainPresenter.swift in Sources */,
				BB1A48242AA62FAD00668979 /* MainCollectionViewCell.swift in Sources */,
				BB1A483C2AA65DCF00668979 /* RouterProtocol.swift in Sources */,
				BB1A48372AA65D2600668979 /* Router.swift in Sources */,
				BB8FADCD2AA504DA0016BA5C /* AppOrientationUtility.swift in Sources */,
				BB1F57182AA67DCC002857ED /* LocalizationKeys.swift in Sources */,
				BB50384A2AA66B9900F9F400 /* BridgeViewProtocol.swift in Sources */,
				BB5038462AA66B5D00F9F400 /* BridgePresenter.swift in Sources */,
				BB1A48352AA65CF500668979 /* AssemblyBuilder.swift in Sources */,
				BB1A482D2AA634FB00668979 /* AppFonts.swift in Sources */,
				BB8FADC32AA504C20016BA5C /* ViewControllerStretchingPicture.swift in Sources */,
				BB9B4F3F2AA48EFA008FEEB8 /* AppDelegate.swift in Sources */,
				BB1A48472AA65FF900668979 /* MainCollectionViewProtocol.swift in Sources */,
				BB8FADC52AA504C20016BA5C /* ViewControllerInertialSquare.swift in Sources */,
				BB9B4F412AA48EFA008FEEB8 /* SceneDelegate.swift in Sources */,
				BB1A482A2AA634DB00668979 /* AppColors.swift in Sources */,
				BB8FADCA2AA504C20016BA5C /* ViewControllerCompactController.swift in Sources */,
				BB1A48442AA65FB700668979 /* MainPresenterProtocol.swift in Sources */,
				BB1A48402AA65DF700668979 /* AssemblyBuilderProtocol.swift in Sources */,
				BB5038482AA66B6E00F9F400 /* BridgePresenterProtocol.swift in Sources */,
				BB8FADC72AA504C20016BA5C /* ViewControllerLinkedAnimation.swift in Sources */,
			);
			runOnlyForDeploymentPostprocessing = 0;
		};
/* End PBXSourcesBuildPhase section */

/* Begin PBXVariantGroup section */
		BB1F57152AA67D8C002857ED /* Localizable.strings */ = {
			isa = PBXVariantGroup;
			children = (
				BB1F57142AA67D8C002857ED /* en */,
				BB1F57162AA67D8F002857ED /* ru */,
			);
			name = Localizable.strings;
			sourceTree = "<group>";
		};
		BB9B4F492AA48EFB008FEEB8 /* LaunchScreen.storyboard */ = {
			isa = PBXVariantGroup;
			children = (
				BB9B4F4A2AA48EFB008FEEB8 /* Base */,
				BB8FADB02AA503F00016BA5C /* ru */,
			);
			name = LaunchScreen.storyboard;
			sourceTree = "<group>";
		};
/* End PBXVariantGroup section */

/* Begin XCBuildConfiguration section */
		BB9B4F4D2AA48EFB008FEEB8 /* Debug */ = {
			isa = XCBuildConfiguration;
			buildSettings = {
				ALWAYS_SEARCH_USER_PATHS = NO;
				CLANG_ANALYZER_LOCALIZABILITY_NONLOCALIZED = YES;
				CLANG_ANALYZER_NONNULL = YES;
				CLANG_ANALYZER_NUMBER_OBJECT_CONVERSION = YES_AGGRESSIVE;
				CLANG_CXX_LANGUAGE_STANDARD = "gnu++20";
				CLANG_ENABLE_MODULES = YES;
				CLANG_ENABLE_OBJC_ARC = YES;
				CLANG_ENABLE_OBJC_WEAK = YES;
				CLANG_WARN_BLOCK_CAPTURE_AUTORELEASING = YES;
				CLANG_WARN_BOOL_CONVERSION = YES;
				CLANG_WARN_COMMA = YES;
				CLANG_WARN_CONSTANT_CONVERSION = YES;
				CLANG_WARN_DEPRECATED_OBJC_IMPLEMENTATIONS = YES;
				CLANG_WARN_DIRECT_OBJC_ISA_USAGE = YES_ERROR;
				CLANG_WARN_DOCUMENTATION_COMMENTS = YES;
				CLANG_WARN_EMPTY_BODY = YES;
				CLANG_WARN_ENUM_CONVERSION = YES;
				CLANG_WARN_INFINITE_RECURSION = YES;
				CLANG_WARN_INT_CONVERSION = YES;
				CLANG_WARN_NON_LITERAL_NULL_CONVERSION = YES;
				CLANG_WARN_OBJC_IMPLICIT_RETAIN_SELF = YES;
				CLANG_WARN_OBJC_LITERAL_CONVERSION = YES;
				CLANG_WARN_OBJC_ROOT_CLASS = YES_ERROR;
				CLANG_WARN_QUOTED_INCLUDE_IN_FRAMEWORK_HEADER = YES;
				CLANG_WARN_RANGE_LOOP_ANALYSIS = YES;
				CLANG_WARN_STRICT_PROTOTYPES = YES;
				CLANG_WARN_SUSPICIOUS_MOVE = YES;
				CLANG_WARN_UNGUARDED_AVAILABILITY = YES_AGGRESSIVE;
				CLANG_WARN_UNREACHABLE_CODE = YES;
				CLANG_WARN__DUPLICATE_METHOD_MATCH = YES;
				COPY_PHASE_STRIP = NO;
				DEBUG_INFORMATION_FORMAT = dwarf;
				ENABLE_STRICT_OBJC_MSGSEND = YES;
				ENABLE_TESTABILITY = YES;
				GCC_C_LANGUAGE_STANDARD = gnu11;
				GCC_DYNAMIC_NO_PIC = NO;
				GCC_NO_COMMON_BLOCKS = YES;
				GCC_OPTIMIZATION_LEVEL = 0;
				GCC_PREPROCESSOR_DEFINITIONS = (
					"DEBUG=1",
					"$(inherited)",
				);
				GCC_WARN_64_TO_32_BIT_CONVERSION = YES;
				GCC_WARN_ABOUT_RETURN_TYPE = YES_ERROR;
				GCC_WARN_UNDECLARED_SELECTOR = YES;
				GCC_WARN_UNINITIALIZED_AUTOS = YES_AGGRESSIVE;
				GCC_WARN_UNUSED_FUNCTION = YES;
				GCC_WARN_UNUSED_VARIABLE = YES;
				IPHONEOS_DEPLOYMENT_TARGET = 16.4;
				MTL_ENABLE_DEBUG_INFO = INCLUDE_SOURCE;
				MTL_FAST_MATH = YES;
				ONLY_ACTIVE_ARCH = YES;
				SDKROOT = iphoneos;
				SWIFT_ACTIVE_COMPILATION_CONDITIONS = DEBUG;
				SWIFT_OPTIMIZATION_LEVEL = "-Onone";
			};
			name = Debug;
		};
		BB9B4F4E2AA48EFB008FEEB8 /* Release */ = {
			isa = XCBuildConfiguration;
			buildSettings = {
				ALWAYS_SEARCH_USER_PATHS = NO;
				CLANG_ANALYZER_LOCALIZABILITY_NONLOCALIZED = YES;
				CLANG_ANALYZER_NONNULL = YES;
				CLANG_ANALYZER_NUMBER_OBJECT_CONVERSION = YES_AGGRESSIVE;
				CLANG_CXX_LANGUAGE_STANDARD = "gnu++20";
				CLANG_ENABLE_MODULES = YES;
				CLANG_ENABLE_OBJC_ARC = YES;
				CLANG_ENABLE_OBJC_WEAK = YES;
				CLANG_WARN_BLOCK_CAPTURE_AUTORELEASING = YES;
				CLANG_WARN_BOOL_CONVERSION = YES;
				CLANG_WARN_COMMA = YES;
				CLANG_WARN_CONSTANT_CONVERSION = YES;
				CLANG_WARN_DEPRECATED_OBJC_IMPLEMENTATIONS = YES;
				CLANG_WARN_DIRECT_OBJC_ISA_USAGE = YES_ERROR;
				CLANG_WARN_DOCUMENTATION_COMMENTS = YES;
				CLANG_WARN_EMPTY_BODY = YES;
				CLANG_WARN_ENUM_CONVERSION = YES;
				CLANG_WARN_INFINITE_RECURSION = YES;
				CLANG_WARN_INT_CONVERSION = YES;
				CLANG_WARN_NON_LITERAL_NULL_CONVERSION = YES;
				CLANG_WARN_OBJC_IMPLICIT_RETAIN_SELF = YES;
				CLANG_WARN_OBJC_LITERAL_CONVERSION = YES;
				CLANG_WARN_OBJC_ROOT_CLASS = YES_ERROR;
				CLANG_WARN_QUOTED_INCLUDE_IN_FRAMEWORK_HEADER = YES;
				CLANG_WARN_RANGE_LOOP_ANALYSIS = YES;
				CLANG_WARN_STRICT_PROTOTYPES = YES;
				CLANG_WARN_SUSPICIOUS_MOVE = YES;
				CLANG_WARN_UNGUARDED_AVAILABILITY = YES_AGGRESSIVE;
				CLANG_WARN_UNREACHABLE_CODE = YES;
				CLANG_WARN__DUPLICATE_METHOD_MATCH = YES;
				COPY_PHASE_STRIP = NO;
				DEBUG_INFORMATION_FORMAT = "dwarf-with-dsym";
				ENABLE_NS_ASSERTIONS = NO;
				ENABLE_STRICT_OBJC_MSGSEND = YES;
				GCC_C_LANGUAGE_STANDARD = gnu11;
				GCC_NO_COMMON_BLOCKS = YES;
				GCC_WARN_64_TO_32_BIT_CONVERSION = YES;
				GCC_WARN_ABOUT_RETURN_TYPE = YES_ERROR;
				GCC_WARN_UNDECLARED_SELECTOR = YES;
				GCC_WARN_UNINITIALIZED_AUTOS = YES_AGGRESSIVE;
				GCC_WARN_UNUSED_FUNCTION = YES;
				GCC_WARN_UNUSED_VARIABLE = YES;
				IPHONEOS_DEPLOYMENT_TARGET = 16.4;
				MTL_ENABLE_DEBUG_INFO = NO;
				MTL_FAST_MATH = YES;
				SDKROOT = iphoneos;
				SWIFT_COMPILATION_MODE = wholemodule;
				SWIFT_OPTIMIZATION_LEVEL = "-O";
				VALIDATE_PRODUCT = YES;
			};
			name = Release;
		};
		BB9B4F502AA48EFB008FEEB8 /* Debug */ = {
			isa = XCBuildConfiguration;
			buildSettings = {
				ASSETCATALOG_COMPILER_APPICON_NAME = AppIcon;
				ASSETCATALOG_COMPILER_GLOBAL_ACCENT_COLOR_NAME = AccentColor;
				CODE_SIGN_STYLE = Automatic;
				CURRENT_PROJECT_VERSION = 1;
				DEVELOPMENT_TEAM = SF69972TN6;
				GENERATE_INFOPLIST_FILE = YES;
				INFOPLIST_FILE = UIKitMarathon/Resources/Info.plist;
				INFOPLIST_KEY_UIApplicationSupportsIndirectInputEvents = YES;
				INFOPLIST_KEY_UILaunchStoryboardName = LaunchScreen;
				INFOPLIST_KEY_UISupportedInterfaceOrientations_iPad = "UIInterfaceOrientationPortrait UIInterfaceOrientationPortraitUpsideDown UIInterfaceOrientationLandscapeLeft UIInterfaceOrientationLandscapeRight";
				INFOPLIST_KEY_UISupportedInterfaceOrientations_iPhone = "UIInterfaceOrientationPortrait UIInterfaceOrientationLandscapeLeft UIInterfaceOrientationLandscapeRight";
				LD_RUNPATH_SEARCH_PATHS = (
					"$(inherited)",
					"@executable_path/Frameworks",
				);
				MARKETING_VERSION = 1.0;
				PRODUCT_BUNDLE_IDENTIFIER = com.smk.UIKitMarathon;
				PRODUCT_NAME = "$(TARGET_NAME)";
				SWIFT_EMIT_LOC_STRINGS = YES;
				SWIFT_VERSION = 5.0;
				TARGETED_DEVICE_FAMILY = "1,2";
			};
			name = Debug;
		};
		BB9B4F512AA48EFB008FEEB8 /* Release */ = {
			isa = XCBuildConfiguration;
			buildSettings = {
				ASSETCATALOG_COMPILER_APPICON_NAME = AppIcon;
				ASSETCATALOG_COMPILER_GLOBAL_ACCENT_COLOR_NAME = AccentColor;
				CODE_SIGN_STYLE = Automatic;
				CURRENT_PROJECT_VERSION = 1;
				DEVELOPMENT_TEAM = SF69972TN6;
				GENERATE_INFOPLIST_FILE = YES;
				INFOPLIST_FILE = UIKitMarathon/Resources/Info.plist;
				INFOPLIST_KEY_UIApplicationSupportsIndirectInputEvents = YES;
				INFOPLIST_KEY_UILaunchStoryboardName = LaunchScreen;
				INFOPLIST_KEY_UISupportedInterfaceOrientations_iPad = "UIInterfaceOrientationPortrait UIInterfaceOrientationPortraitUpsideDown UIInterfaceOrientationLandscapeLeft UIInterfaceOrientationLandscapeRight";
				INFOPLIST_KEY_UISupportedInterfaceOrientations_iPhone = "UIInterfaceOrientationPortrait UIInterfaceOrientationLandscapeLeft UIInterfaceOrientationLandscapeRight";
				LD_RUNPATH_SEARCH_PATHS = (
					"$(inherited)",
					"@executable_path/Frameworks",
				);
				MARKETING_VERSION = 1.0;
				PRODUCT_BUNDLE_IDENTIFIER = com.smk.UIKitMarathon;
				PRODUCT_NAME = "$(TARGET_NAME)";
				SWIFT_EMIT_LOC_STRINGS = YES;
				SWIFT_VERSION = 5.0;
				TARGETED_DEVICE_FAMILY = "1,2";
			};
			name = Release;
		};
/* End XCBuildConfiguration section */

/* Begin XCConfigurationList section */
		BB9B4F362AA48EFA008FEEB8 /* Build configuration list for PBXProject "UIKitMarathon" */ = {
			isa = XCConfigurationList;
			buildConfigurations = (
				BB9B4F4D2AA48EFB008FEEB8 /* Debug */,
				BB9B4F4E2AA48EFB008FEEB8 /* Release */,
			);
			defaultConfigurationIsVisible = 0;
			defaultConfigurationName = Release;
		};
		BB9B4F4F2AA48EFB008FEEB8 /* Build configuration list for PBXNativeTarget "UIKitMarathon" */ = {
			isa = XCConfigurationList;
			buildConfigurations = (
				BB9B4F502AA48EFB008FEEB8 /* Debug */,
				BB9B4F512AA48EFB008FEEB8 /* Release */,
			);
			defaultConfigurationIsVisible = 0;
			defaultConfigurationName = Release;
		};
/* End XCConfigurationList section */
	};
	rootObject = BB9B4F332AA48EFA008FEEB8 /* Project object */;
}
